
Microsoft Visual Studio Solution File, Format Version 12.00
# Visual Studio 15
VisualStudioVersion = 15.0.27004.2006
MinimumVisualStudioVersion = 10.0.40219.1
Project("{FAE04EC0-301F-11D3-BF4B-00C04F79EFBC}") = "NisbetPhotography.Website", "NisbetPhotography.Website\NisbetPhotography.Website.csproj", "{2526C94F-387C-4265-89C6-A79B497226BC}"
EndProject
Project("{FAE04EC0-301F-11D3-BF4B-00C04F79EFBC}") = "NisbetPhotography.DbObjects", "NisbetPhotography.DbObjects\NisbetPhotography.DbObjects.csproj", "{3E6C2FC5-0CA3-4A67-AB87-6E8DF87697F4}"
EndProject
Project("{FAE04EC0-301F-11D3-BF4B-00C04F79EFBC}") = "NisbetPhotography.DbObjectsTestApp", "NisbetPhotography.DbObjectsTestApp\NisbetPhotography.DbObjectsTestApp.csproj", "{96FFA58B-B0B1-43C4-A637-FB4106E505DA}"
EndProject
Project("{FAE04EC0-301F-11D3-BF4B-00C04F79EFBC}") = "NisbetPhotography.MultipleImageUploader", "NisbetPhotography.MultipleImageUploader\NisbetPhotography.MultipleImageUploader.csproj", "{EE907DD5-4EA7-4835-B04C-8DD369F8941A}"
	ProjectSection(ProjectDependencies) = postProject
		{2526C94F-387C-4265-89C6-A79B497226BC} = {2526C94F-387C-4265-89C6-A79B497226BC}
	EndProjectSection
EndProject
Global
	GlobalSection(SolutionConfigurationPlatforms) = preSolution
		Debug|Any CPU = Debug|Any CPU
		Release|Any CPU = Release|Any CPU
	EndGlobalSection
	GlobalSection(ProjectConfigurationPlatforms) = postSolution
		{2526C94F-387C-4265-89C6-A79B497226BC}.Debug|Any CPU.ActiveCfg = Debug|Any CPU
		{2526C94F-387C-4265-89C6-A79B497226BC}.Debug|Any CPU.Build.0 = Debug|Any CPU
		{2526C94F-387C-4265-89C6-A79B497226BC}.Release|Any CPU.ActiveCfg = Release|Any CPU
		{2526C94F-387C-4265-89C6-A79B497226BC}.Release|Any CPU.Build.0 = Release|Any CPU
		{3E6C2FC5-0CA3-4A67-AB87-6E8DF87697F4}.Debug|Any CPU.ActiveCfg = Debug|Any CPU
		{3E6C2FC5-0CA3-4A67-AB87-6E8DF87697F4}.Debug|Any CPU.Build.0 = Debug|Any CPU
		{3E6C2FC5-0CA3-4A67-AB87-6E8DF87697F4}.Release|Any CPU.ActiveCfg = Release|Any CPU
		{3E6C2FC5-0CA3-4A67-AB87-6E8DF87697F4}.Release|Any CPU.Build.0 = Release|Any CPU
		{96FFA58B-B0B1-43C4-A637-FB4106E505DA}.Debug|Any CPU.ActiveCfg = Debug|Any CPU
		{96FFA58B-B0B1-43C4-A637-FB4106E505DA}.Debug|Any CPU.Build.0 = Debug|Any CPU
		{96FFA58B-B0B1-43C4-A637-FB4106E505DA}.Release|Any CPU.ActiveCfg = Release|Any CPU
		{96FFA58B-B0B1-43C4-A637-FB4106E505DA}.Release|Any CPU.Build.0 = Release|Any CPU
		{EE907DD5-4EA7-4835-B04C-8DD369F8941A}.Debug|Any CPU.ActiveCfg = Debug|Any CPU
		{EE907DD5-4EA7-4835-B04C-8DD369F8941A}.Debug|Any CPU.Build.0 = Debug|Any CPU
		{EE907DD5-4EA7-4835-B04C-8DD369F8941A}.Release|Any CPU.ActiveCfg = Release|Any CPU
		{EE907DD5-4EA7-4835-B04C-8DD369F8941A}.Release|Any CPU.Build.0 = Release|Any CPU
	EndGlobalSection
	GlobalSection(SolutionProperties) = preSolution
		HideSolutionNode = FALSE
	EndGlobalSection
	GlobalSection(ExtensibilityGlobals) = postSolution
		SolutionGuid = {0EF53283-C906-4733-8396-B6C3F30329F9}
	EndGlobalSection
EndGlobal
